
Microsoft Visual Studio Solution File, Format Version 12.00
# Visual Studio Version 17
VisualStudioVersion = 17.8.34112.27
MinimumVisualStudioVersion = 10.0.40219.1
Project("{FAE04EC0-301F-11D3-BF4B-00C04F79EFBC}") = "Tic Tak Toe", "Tic Tak Toe\Tic Tak Toe.csproj", "{48E9D6B1-77BC-4A04-8BDA-649B3A6482BC}"
EndProject
Global
	GlobalSection(SolutionConfigurationPlatforms) = preSolution
		Debug|Any CPU = Debug|Any CPU
		Release|Any CPU = Release|Any CPU
	EndGlobalSection
	GlobalSection(ProjectConfigurationPlatforms) = postSolution
		{48E9D6B1-77BC-4A04-8BDA-649B3A6482BC}.Debug|Any CPU.ActiveCfg = Debug|Any CPU
		{48E9D6B1-77BC-4A04-8BDA-649B3A6482BC}.Debug|Any CPU.Build.0 = Debug|Any CPU
		{48E9D6B1-77BC-4A04-8BDA-649B3A6482BC}.Release|Any CPU.ActiveCfg = Release|Any CPU
		{48E9D6B1-77BC-4A04-8BDA-649B3A6482BC}.Release|Any CPU.Build.0 = Release|Any CPU
	EndGlobalSection
	GlobalSection(SolutionProperties) = preSolution
		HideSolutionNode = FALSE
	EndGlobalSection
	GlobalSection(ExtensibilityGlobals) = postSolution
		SolutionGuid = {E7D42CDF-7546-43A5-B327-DFCAB604E040}
	EndGlobalSection
EndGlobal
